// !$*UTF8*$!
{
	archiveVersion = 1;
	classes = {
	};
	objectVersion = 46;
	objects = {

/* Begin PBXBuildFile section */
		6B00BFC71BAABD660063B60F /* ding.WAV in Resources */ = {isa = PBXBuildFile; fileRef = 6B00BFC61BAABD660063B60F /* ding.WAV */; settings = {ASSET_TAGS = (); }; };
		6B13887D1B9DE556002095FD /* defind.swift in Sources */ = {isa = PBXBuildFile; fileRef = 6B13887C1B9DE556002095FD /* defind.swift */; };
		6B13887F1B9DE570002095FD /* functions.swift in Sources */ = {isa = PBXBuildFile; fileRef = 6B13887E1B9DE570002095FD /* functions.swift */; };
		6B1388811B9DE5A8002095FD /* KeyboardViewController.swift in Sources */ = {isa = PBXBuildFile; fileRef = 6B1388801B9DE5A8002095FD /* KeyboardViewController.swift */; };
		6B1388831B9DE634002095FD /* GameViewController.swift in Sources */ = {isa = PBXBuildFile; fileRef = 6B1388821B9DE634002095FD /* GameViewController.swift */; };
		6B1388851B9DE647002095FD /* SummaryViewController.swift in Sources */ = {isa = PBXBuildFile; fileRef = 6B1388841B9DE647002095FD /* SummaryViewController.swift */; };
		6B1388871B9DE662002095FD /* SetKeyViewController.swift in Sources */ = {isa = PBXBuildFile; fileRef = 6B1388861B9DE662002095FD /* SetKeyViewController.swift */; };
		6B485B9D1BABF90F008F51BA /* SummaryCell.swift in Sources */ = {isa = PBXBuildFile; fileRef = 6B485B9C1BABF90F008F51BA /* SummaryCell.swift */; settings = {ASSET_TAGS = (); }; };
		6B485B9F1BABF9BF008F51BA /* SummaryData.swift in Sources */ = {isa = PBXBuildFile; fileRef = 6B485B9E1BABF9BF008F51BA /* SummaryData.swift */; settings = {ASSET_TAGS = (); }; };
		6B94F1631BA13F7500F27F83 /* levelDefind.swift in Sources */ = {isa = PBXBuildFile; fileRef = 6B94F1621BA13F7500F27F83 /* levelDefind.swift */; };
		6BAF80FA1B94107B00096579 /* AppDelegate.swift in Sources */ = {isa = PBXBuildFile; fileRef = 6BAF80F91B94107B00096579 /* AppDelegate.swift */; };
		6BAF80FC1B94107B00096579 /* MenuViewController.swift in Sources */ = {isa = PBXBuildFile; fileRef = 6BAF80FB1B94107B00096579 /* MenuViewController.swift */; };
		6BAF80FF1B94107B00096579 /* Main.storyboard in Resources */ = {isa = PBXBuildFile; fileRef = 6BAF80FD1B94107B00096579 /* Main.storyboard */; };
		6BAF81011B94107B00096579 /* Images.xcassets in Resources */ = {isa = PBXBuildFile; fileRef = 6BAF81001B94107B00096579 /* Images.xcassets */; };
		6BAF81041B94107B00096579 /* LaunchScreen.xib in Resources */ = {isa = PBXBuildFile; fileRef = 6BAF81021B94107B00096579 /* LaunchScreen.xib */; };
		6BAF81101B94107B00096579 /* hackerwayTests.swift in Sources */ = {isa = PBXBuildFile; fileRef = 6BAF810F1B94107B00096579 /* hackerwayTests.swift */; };
		6BDA5E371BB0017000E51E52 /* AVFoundation.framework in Frameworks */ = {isa = PBXBuildFile; fileRef = 6BDA5E361BB0016F00E51E52 /* AVFoundation.framework */; };
		6BDA5E391BB001A000E51E52 /* CoreMedia.framework in Frameworks */ = {isa = PBXBuildFile; fileRef = 6BDA5E381BB001A000E51E52 /* CoreMedia.framework */; };
		6BDA5E3B1BB001B500E51E52 /* SystemConfiguration.framework in Frameworks */ = {isa = PBXBuildFile; fileRef = 6BDA5E3A1BB001B500E51E52 /* SystemConfiguration.framework */; };
		6BDA5E3D1BB001C100E51E52 /* StoreKit.framework in Frameworks */ = {isa = PBXBuildFile; fileRef = 6BDA5E3C1BB001C100E51E52 /* StoreKit.framework */; };
		6BDA5E3F1BB001D400E51E52 /* CoreTelephony.framework in Frameworks */ = {isa = PBXBuildFile; fileRef = 6BDA5E3E1BB001D400E51E52 /* CoreTelephony.framework */; };
		6BDA5E411BB001DE00E51E52 /* AdSupport.framework in Frameworks */ = {isa = PBXBuildFile; fileRef = 6BDA5E401BB001DE00E51E52 /* AdSupport.framework */; };
		6BDA5E451BB0022500E51E52 /* UnityAds.framework in Frameworks */ = {isa = PBXBuildFile; fileRef = 6BDA5E431BB0022400E51E52 /* UnityAds.framework */; };
		6BDA5E471BB0060300E51E52 /* UnityAds.bundle in Resources */ = {isa = PBXBuildFile; fileRef = 6BDA5E461BB0060300E51E52 /* UnityAds.bundle */; settings = {ASSET_TAGS = (); }; };
/* End PBXBuildFile section */

/* Begin PBXContainerItemProxy section */
		6BAF810A1B94107B00096579 /* PBXContainerItemProxy */ = {
			isa = PBXContainerItemProxy;
			containerPortal = 6BAF80EC1B94107B00096579 /* Project object */;
			proxyType = 1;
			remoteGlobalIDString = 6BAF80F31B94107B00096579;
			remoteInfo = hackerway;
		};
/* End PBXContainerItemProxy section */

/* Begin PBXFileReference section */
		6B00BFC61BAABD660063B60F /* ding.WAV */ = {isa = PBXFileReference; lastKnownFileType = audio.wav; path = ding.WAV; sourceTree = "<group>"; };
		6B13887C1B9DE556002095FD /* defind.swift */ = {isa = PBXFileReference; fileEncoding = 4; lastKnownFileType = sourcecode.swift; path = defind.swift; sourceTree = "<group>"; };
		6B13887E1B9DE570002095FD /* functions.swift */ = {isa = PBXFileReference; fileEncoding = 4; lastKnownFileType = sourcecode.swift; path = functions.swift; sourceTree = "<group>"; };
		6B1388801B9DE5A8002095FD /* KeyboardViewController.swift */ = {isa = PBXFileReference; fileEncoding = 4; lastKnownFileType = sourcecode.swift; path = KeyboardViewController.swift; sourceTree = "<group>"; };
		6B1388821B9DE634002095FD /* GameViewController.swift */ = {isa = PBXFileReference; fileEncoding = 4; lastKnownFileType = sourcecode.swift; path = GameViewController.swift; sourceTree = "<group>"; };
		6B1388841B9DE647002095FD /* SummaryViewController.swift */ = {isa = PBXFileReference; fileEncoding = 4; lastKnownFileType = sourcecode.swift; path = SummaryViewController.swift; sourceTree = "<group>"; };
		6B1388861B9DE662002095FD /* SetKeyViewController.swift */ = {isa = PBXFileReference; fileEncoding = 4; lastKnownFileType = sourcecode.swift; path = SetKeyViewController.swift; sourceTree = "<group>"; };
		6B485B9C1BABF90F008F51BA /* SummaryCell.swift */ = {isa = PBXFileReference; fileEncoding = 4; lastKnownFileType = sourcecode.swift; path = SummaryCell.swift; sourceTree = "<group>"; };
		6B485B9E1BABF9BF008F51BA /* SummaryData.swift */ = {isa = PBXFileReference; fileEncoding = 4; lastKnownFileType = sourcecode.swift; path = SummaryData.swift; sourceTree = "<group>"; };
		6B94F1621BA13F7500F27F83 /* levelDefind.swift */ = {isa = PBXFileReference; fileEncoding = 4; lastKnownFileType = sourcecode.swift; path = levelDefind.swift; sourceTree = "<group>"; };
		6BAF80F41B94107B00096579 /* hackerway.app */ = {isa = PBXFileReference; explicitFileType = wrapper.application; includeInIndex = 0; path = hackerway.app; sourceTree = BUILT_PRODUCTS_DIR; };
		6BAF80F81B94107B00096579 /* Info.plist */ = {isa = PBXFileReference; lastKnownFileType = text.plist.xml; path = Info.plist; sourceTree = "<group>"; };
		6BAF80F91B94107B00096579 /* AppDelegate.swift */ = {isa = PBXFileReference; lastKnownFileType = sourcecode.swift; path = AppDelegate.swift; sourceTree = "<group>"; };
		6BAF80FB1B94107B00096579 /* MenuViewController.swift */ = {isa = PBXFileReference; lastKnownFileType = sourcecode.swift; path = MenuViewController.swift; sourceTree = "<group>"; };
		6BAF80FE1B94107B00096579 /* Base */ = {isa = PBXFileReference; lastKnownFileType = file.storyboard; name = Base; path = Base.lproj/Main.storyboard; sourceTree = "<group>"; };
		6BAF81001B94107B00096579 /* Images.xcassets */ = {isa = PBXFileReference; lastKnownFileType = folder.assetcatalog; path = Images.xcassets; sourceTree = "<group>"; };
		6BAF81031B94107B00096579 /* Base */ = {isa = PBXFileReference; lastKnownFileType = file.xib; name = Base; path = Base.lproj/LaunchScreen.xib; sourceTree = "<group>"; };
		6BAF81091B94107B00096579 /* hackerwayTests.xctest */ = {isa = PBXFileReference; explicitFileType = wrapper.cfbundle; includeInIndex = 0; path = hackerwayTests.xctest; sourceTree = BUILT_PRODUCTS_DIR; };
		6BAF810E1B94107B00096579 /* Info.plist */ = {isa = PBXFileReference; lastKnownFileType = text.plist.xml; path = Info.plist; sourceTree = "<group>"; };
		6BAF810F1B94107B00096579 /* hackerwayTests.swift */ = {isa = PBXFileReference; lastKnownFileType = sourcecode.swift; path = hackerwayTests.swift; sourceTree = "<group>"; };
		6BDA5E351BAFF3AB00E51E52 /* hackerway-Bridding-Header.h */ = {isa = PBXFileReference; fileEncoding = 4; lastKnownFileType = sourcecode.c.h; path = "hackerway-Bridding-Header.h"; sourceTree = "<group>"; };
		6BDA5E361BB0016F00E51E52 /* AVFoundation.framework */ = {isa = PBXFileReference; lastKnownFileType = wrapper.framework; name = AVFoundation.framework; path = System/Library/Frameworks/AVFoundation.framework; sourceTree = SDKROOT; };
		6BDA5E381BB001A000E51E52 /* CoreMedia.framework */ = {isa = PBXFileReference; lastKnownFileType = wrapper.framework; name = CoreMedia.framework; path = System/Library/Frameworks/CoreMedia.framework; sourceTree = SDKROOT; };
		6BDA5E3A1BB001B500E51E52 /* SystemConfiguration.framework */ = {isa = PBXFileReference; lastKnownFileType = wrapper.framework; name = SystemConfiguration.framework; path = System/Library/Frameworks/SystemConfiguration.framework; sourceTree = SDKROOT; };
		6BDA5E3C1BB001C100E51E52 /* StoreKit.framework */ = {isa = PBXFileReference; lastKnownFileType = wrapper.framework; name = StoreKit.framework; path = System/Library/Frameworks/StoreKit.framework; sourceTree = SDKROOT; };
		6BDA5E3E1BB001D400E51E52 /* CoreTelephony.framework */ = {isa = PBXFileReference; lastKnownFileType = wrapper.framework; name = CoreTelephony.framework; path = System/Library/Frameworks/CoreTelephony.framework; sourceTree = SDKROOT; };
		6BDA5E401BB001DE00E51E52 /* AdSupport.framework */ = {isa = PBXFileReference; lastKnownFileType = wrapper.framework; name = AdSupport.framework; path = System/Library/Frameworks/AdSupport.framework; sourceTree = SDKROOT; };
		6BDA5E431BB0022400E51E52 /* UnityAds.framework */ = {isa = PBXFileReference; lastKnownFileType = wrapper.framework; path = UnityAds.framework; sourceTree = "<group>"; };
		6BDA5E461BB0060300E51E52 /* UnityAds.bundle */ = {isa = PBXFileReference; lastKnownFileType = "wrapper.plug-in"; path = UnityAds.bundle; sourceTree = "<group>"; };
/* End PBXFileReference section */

/* Begin PBXFrameworksBuildPhase section */
		6BAF80F11B94107B00096579 /* Frameworks */ = {
			isa = PBXFrameworksBuildPhase;
			buildActionMask = 2147483647;
			files = (
				6BDA5E451BB0022500E51E52 /* UnityAds.framework in Frameworks */,
				6BDA5E411BB001DE00E51E52 /* AdSupport.framework in Frameworks */,
				6BDA5E3F1BB001D400E51E52 /* CoreTelephony.framework in Frameworks */,
				6BDA5E3D1BB001C100E51E52 /* StoreKit.framework in Frameworks */,
				6BDA5E3B1BB001B500E51E52 /* SystemConfiguration.framework in Frameworks */,
				6BDA5E391BB001A000E51E52 /* CoreMedia.framework in Frameworks */,
				6BDA5E371BB0017000E51E52 /* AVFoundation.framework in Frameworks */,
			);
			runOnlyForDeploymentPostprocessing = 0;
		};
		6BAF81061B94107B00096579 /* Frameworks */ = {
			isa = PBXFrameworksBuildPhase;
			buildActionMask = 2147483647;
			files = (
			);
			runOnlyForDeploymentPostprocessing = 0;
		};
/* End PBXFrameworksBuildPhase section */

/* Begin PBXGroup section */
		6B00BFC51BAABD660063B60F /* Sound */ = {
			isa = PBXGroup;
			children = (
				6B00BFC61BAABD660063B60F /* ding.WAV */,
			);
			path = Sound;
			sourceTree = "<group>";
		};
		6B13887A1B9DE4B8002095FD /* Setting */ = {
			isa = PBXGroup;
			children = (
				6B13887C1B9DE556002095FD /* defind.swift */,
				6B13887E1B9DE570002095FD /* functions.swift */,
				6B94F1621BA13F7500F27F83 /* levelDefind.swift */,
			);
			name = Setting;
			sourceTree = "<group>";
		};
		6B13887B1B9DE4E2002095FD /* Controller */ = {
			isa = PBXGroup;
			children = (
				6B1388861B9DE662002095FD /* SetKeyViewController.swift */,
				6BAF80FB1B94107B00096579 /* MenuViewController.swift */,
				6B1388801B9DE5A8002095FD /* KeyboardViewController.swift */,
				6B1388821B9DE634002095FD /* GameViewController.swift */,
				6B1388841B9DE647002095FD /* SummaryViewController.swift */,
				6B485B9C1BABF90F008F51BA /* SummaryCell.swift */,
				6B485B9E1BABF9BF008F51BA /* SummaryData.swift */,
			);
			name = Controller;
			sourceTree = "<group>";
		};
		6BAF80EB1B94107B00096579 = {
			isa = PBXGroup;
			children = (
				6BDA5E461BB0060300E51E52 /* UnityAds.bundle */,
				6BDA5E431BB0022400E51E52 /* UnityAds.framework */,
				6BDA5E401BB001DE00E51E52 /* AdSupport.framework */,
				6BDA5E3E1BB001D400E51E52 /* CoreTelephony.framework */,
				6BDA5E3C1BB001C100E51E52 /* StoreKit.framework */,
				6BDA5E3A1BB001B500E51E52 /* SystemConfiguration.framework */,
				6BDA5E381BB001A000E51E52 /* CoreMedia.framework */,
				6BDA5E361BB0016F00E51E52 /* AVFoundation.framework */,
				6BDA5E351BAFF3AB00E51E52 /* hackerway-Bridding-Header.h */,
				6BAF80F61B94107B00096579 /* hackerway */,
				6BAF810C1B94107B00096579 /* hackerwayTests */,
				6BAF80F51B94107B00096579 /* Products */,
			);
			sourceTree = "<group>";
		};
		6BAF80F51B94107B00096579 /* Products */ = {
			isa = PBXGroup;
			children = (
				6BAF80F41B94107B00096579 /* hackerway.app */,
				6BAF81091B94107B00096579 /* hackerwayTests.xctest */,
			);
			name = Products;
			sourceTree = "<group>";
		};
		6BAF80F61B94107B00096579 /* hackerway */ = {
			isa = PBXGroup;
			children = (
				6B00BFC51BAABD660063B60F /* Sound */,
				6BAF80F91B94107B00096579 /* AppDelegate.swift */,
				6B13887A1B9DE4B8002095FD /* Setting */,
				6B13887B1B9DE4E2002095FD /* Controller */,
				6BAF80FD1B94107B00096579 /* Main.storyboard */,
				6BAF81001B94107B00096579 /* Images.xcassets */,
				6BAF81021B94107B00096579 /* LaunchScreen.xib */,
				6BAF80F71B94107B00096579 /* Supporting Files */,
			);
			path = hackerway;
			sourceTree = "<group>";
		};
		6BAF80F71B94107B00096579 /* Supporting Files */ = {
			isa = PBXGroup;
			children = (
				6BAF80F81B94107B00096579 /* Info.plist */,
			);
			name = "Supporting Files";
			sourceTree = "<group>";
		};
		6BAF810C1B94107B00096579 /* hackerwayTests */ = {
			isa = PBXGroup;
			children = (
				6BAF810F1B94107B00096579 /* hackerwayTests.swift */,
				6BAF810D1B94107B00096579 /* Supporting Files */,
			);
			path = hackerwayTests;
			sourceTree = "<group>";
		};
		6BAF810D1B94107B00096579 /* Supporting Files */ = {
			isa = PBXGroup;
			children = (
				6BAF810E1B94107B00096579 /* Info.plist */,
			);
			name = "Supporting Files";
			sourceTree = "<group>";
		};
/* End PBXGroup section */

/* Begin PBXNativeTarget section */
		6BAF80F31B94107B00096579 /* hackerway */ = {
			isa = PBXNativeTarget;
			buildConfigurationList = 6BAF81131B94107B00096579 /* Build configuration list for PBXNativeTarget "hackerway" */;
			buildPhases = (
				6BAF80F01B94107B00096579 /* Sources */,
				6BAF80F11B94107B00096579 /* Frameworks */,
				6BAF80F21B94107B00096579 /* Resources */,
			);
			buildRules = (
			);
			dependencies = (
			);
			name = hackerway;
			productName = hackerway;
			productReference = 6BAF80F41B94107B00096579 /* hackerway.app */;
			productType = "com.apple.product-type.application";
		};
		6BAF81081B94107B00096579 /* hackerwayTests */ = {
			isa = PBXNativeTarget;
			buildConfigurationList = 6BAF81161B94107B00096579 /* Build configuration list for PBXNativeTarget "hackerwayTests" */;
			buildPhases = (
				6BAF81051B94107B00096579 /* Sources */,
				6BAF81061B94107B00096579 /* Frameworks */,
				6BAF81071B94107B00096579 /* Resources */,
			);
			buildRules = (
			);
			dependencies = (
				6BAF810B1B94107B00096579 /* PBXTargetDependency */,
			);
			name = hackerwayTests;
			productName = hackerwayTests;
			productReference = 6BAF81091B94107B00096579 /* hackerwayTests.xctest */;
			productType = "com.apple.product-type.bundle.unit-test";
		};
/* End PBXNativeTarget section */

/* Begin PBXProject section */
		6BAF80EC1B94107B00096579 /* Project object */ = {
			isa = PBXProject;
			attributes = {
				LastSwiftMigration = 0700;
				LastSwiftUpdateCheck = 0700;
				LastUpgradeCheck = 0700;
				ORGANIZATIONNAME = "Pawarit Bunrith";
				TargetAttributes = {
					6BAF80F31B94107B00096579 = {
						CreatedOnToolsVersion = 6.4;
					};
					6BAF81081B94107B00096579 = {
						CreatedOnToolsVersion = 6.4;
						TestTargetID = 6BAF80F31B94107B00096579;
					};
				};
			};
			buildConfigurationList = 6BAF80EF1B94107B00096579 /* Build configuration list for PBXProject "hackerway" */;
			compatibilityVersion = "Xcode 3.2";
			developmentRegion = English;
			hasScannedForEncodings = 0;
			knownRegions = (
				en,
				Base,
			);
			mainGroup = 6BAF80EB1B94107B00096579;
			productRefGroup = 6BAF80F51B94107B00096579 /* Products */;
			projectDirPath = "";
			projectRoot = "";
			targets = (
				6BAF80F31B94107B00096579 /* hackerway */,
				6BAF81081B94107B00096579 /* hackerwayTests */,
			);
		};
/* End PBXProject section */

/* Begin PBXResourcesBuildPhase section */
		6BAF80F21B94107B00096579 /* Resources */ = {
			isa = PBXResourcesBuildPhase;
			buildActionMask = 2147483647;
			files = (
				6BAF80FF1B94107B00096579 /* Main.storyboard in Resources */,
				6BAF81041B94107B00096579 /* LaunchScreen.xib in Resources */,
				6B00BFC71BAABD660063B60F /* ding.WAV in Resources */,
				6BAF81011B94107B00096579 /* Images.xcassets in Resources */,
				6BDA5E471BB0060300E51E52 /* UnityAds.bundle in Resources */,
			);
			runOnlyForDeploymentPostprocessing = 0;
		};
		6BAF81071B94107B00096579 /* Resources */ = {
			isa = PBXResourcesBuildPhase;
			buildActionMask = 2147483647;
			files = (
			);
			runOnlyForDeploymentPostprocessing = 0;
		};
/* End PBXResourcesBuildPhase section */

/* Begin PBXSourcesBuildPhase section */
		6BAF80F01B94107B00096579 /* Sources */ = {
			isa = PBXSourcesBuildPhase;
			buildActionMask = 2147483647;
			files = (
				6BAF80FC1B94107B00096579 /* MenuViewController.swift in Sources */,
				6B1388871B9DE662002095FD /* SetKeyViewController.swift in Sources */,
				6B94F1631BA13F7500F27F83 /* levelDefind.swift in Sources */,
				6B1388811B9DE5A8002095FD /* KeyboardViewController.swift in Sources */,
				6B485B9D1BABF90F008F51BA /* SummaryCell.swift in Sources */,
				6BAF80FA1B94107B00096579 /* AppDelegate.swift in Sources */,
				6B13887D1B9DE556002095FD /* defind.swift in Sources */,
				6B1388831B9DE634002095FD /* GameViewController.swift in Sources */,
				6B1388851B9DE647002095FD /* SummaryViewController.swift in Sources */,
				6B13887F1B9DE570002095FD /* functions.swift in Sources */,
				6B485B9F1BABF9BF008F51BA /* SummaryData.swift in Sources */,
			);
			runOnlyForDeploymentPostprocessing = 0;
		};
		6BAF81051B94107B00096579 /* Sources */ = {
			isa = PBXSourcesBuildPhase;
			buildActionMask = 2147483647;
			files = (
				6BAF81101B94107B00096579 /* hackerwayTests.swift in Sources */,
			);
			runOnlyForDeploymentPostprocessing = 0;
		};
/* End PBXSourcesBuildPhase section */

/* Begin PBXTargetDependency section */
		6BAF810B1B94107B00096579 /* PBXTargetDependency */ = {
			isa = PBXTargetDependency;
			target = 6BAF80F31B94107B00096579 /* hackerway */;
			targetProxy = 6BAF810A1B94107B00096579 /* PBXContainerItemProxy */;
		};
/* End PBXTargetDependency section */

/* Begin PBXVariantGroup section */
		6BAF80FD1B94107B00096579 /* Main.storyboard */ = {
			isa = PBXVariantGroup;
			children = (
				6BAF80FE1B94107B00096579 /* Base */,
			);
			name = Main.storyboard;
			sourceTree = "<group>";
		};
		6BAF81021B94107B00096579 /* LaunchScreen.xib */ = {
			isa = PBXVariantGroup;
			children = (
				6BAF81031B94107B00096579 /* Base */,
			);
			name = LaunchScreen.xib;
			sourceTree = "<group>";
		};
/* End PBXVariantGroup section */

/* Begin XCBuildConfiguration section */
		6BAF81111B94107B00096579 /* Debug */ = {
			isa = XCBuildConfiguration;
			buildSettings = {
				ALWAYS_SEARCH_USER_PATHS = NO;
				CLANG_CXX_LANGUAGE_STANDARD = "gnu++0x";
				CLANG_CXX_LIBRARY = "libc++";
				CLANG_ENABLE_MODULES = YES;
				CLANG_ENABLE_OBJC_ARC = YES;
				CLANG_WARN_BOOL_CONVERSION = YES;
				CLANG_WARN_CONSTANT_CONVERSION = YES;
				CLANG_WARN_DIRECT_OBJC_ISA_USAGE = YES_ERROR;
				CLANG_WARN_EMPTY_BODY = YES;
				CLANG_WARN_ENUM_CONVERSION = YES;
				CLANG_WARN_INT_CONVERSION = YES;
				CLANG_WARN_OBJC_ROOT_CLASS = YES_ERROR;
				CLANG_WARN_UNREACHABLE_CODE = YES;
				CLANG_WARN__DUPLICATE_METHOD_MATCH = YES;
				"CODE_SIGN_IDENTITY[sdk=iphoneos*]" = "iPhone Developer";
				COPY_PHASE_STRIP = NO;
				DEBUG_INFORMATION_FORMAT = "dwarf-with-dsym";
				ENABLE_STRICT_OBJC_MSGSEND = YES;
				ENABLE_TESTABILITY = YES;
				GCC_C_LANGUAGE_STANDARD = gnu99;
				GCC_DYNAMIC_NO_PIC = NO;
				GCC_NO_COMMON_BLOCKS = YES;
				GCC_OPTIMIZATION_LEVEL = 0;
				GCC_PREPROCESSOR_DEFINITIONS = (
					"DEBUG=1",
					"$(inherited)",
				);
				GCC_SYMBOLS_PRIVATE_EXTERN = NO;
				GCC_WARN_64_TO_32_BIT_CONVERSION = YES;
				GCC_WARN_ABOUT_RETURN_TYPE = YES_ERROR;
				GCC_WARN_UNDECLARED_SELECTOR = YES;
				GCC_WARN_UNINITIALIZED_AUTOS = YES_AGGRESSIVE;
				GCC_WARN_UNUSED_FUNCTION = YES;
				GCC_WARN_UNUSED_VARIABLE = YES;
				IPHONEOS_DEPLOYMENT_TARGET = 8.4;
				MTL_ENABLE_DEBUG_INFO = YES;
				ONLY_ACTIVE_ARCH = YES;
				SDKROOT = iphoneos;
				SWIFT_OPTIMIZATION_LEVEL = "-Onone";
			};
			name = Debug;
		};
		6BAF81121B94107B00096579 /* Release */ = {
			isa = XCBuildConfiguration;
			buildSettings = {
				ALWAYS_SEARCH_USER_PATHS = NO;
				CLANG_CXX_LANGUAGE_STANDARD = "gnu++0x";
				CLANG_CXX_LIBRARY = "libc++";
				CLANG_ENABLE_MODULES = YES;
				CLANG_ENABLE_OBJC_ARC = YES;
				CLANG_WARN_BOOL_CONVERSION = YES;
				CLANG_WARN_CONSTANT_CONVERSION = YES;
				CLANG_WARN_DIRECT_OBJC_ISA_USAGE = YES_ERROR;
				CLANG_WARN_EMPTY_BODY = YES;
				CLANG_WARN_ENUM_CONVERSION = YES;
				CLANG_WARN_INT_CONVERSION = YES;
				CLANG_WARN_OBJC_ROOT_CLASS = YES_ERROR;
				CLANG_WARN_UNREACHABLE_CODE = YES;
				CLANG_WARN__DUPLICATE_METHOD_MATCH = YES;
				"CODE_SIGN_IDENTITY[sdk=iphoneos*]" = "iPhone Developer";
				COPY_PHASE_STRIP = NO;
				DEBUG_INFORMATION_FORMAT = "dwarf-with-dsym";
				ENABLE_NS_ASSERTIONS = NO;
				ENABLE_STRICT_OBJC_MSGSEND = YES;
				GCC_C_LANGUAGE_STANDARD = gnu99;
				GCC_NO_COMMON_BLOCKS = YES;
				GCC_WARN_64_TO_32_BIT_CONVERSION = YES;
				GCC_WARN_ABOUT_RETURN_TYPE = YES_ERROR;
				GCC_WARN_UNDECLARED_SELECTOR = YES;
				GCC_WARN_UNINITIALIZED_AUTOS = YES_AGGRESSIVE;
				GCC_WARN_UNUSED_FUNCTION = YES;
				GCC_WARN_UNUSED_VARIABLE = YES;
				IPHONEOS_DEPLOYMENT_TARGET = 8.4;
				MTL_ENABLE_DEBUG_INFO = NO;
				SDKROOT = iphoneos;
				VALIDATE_PRODUCT = YES;
			};
			name = Release;
		};
		6BAF81141B94107B00096579 /* Debug */ = {
			isa = XCBuildConfiguration;
			buildSettings = {
				ASSETCATALOG_COMPILER_APPICON_NAME = AppIcon;
				FRAMEWORK_SEARCH_PATHS = (
					"$(inherited)",
					"$(PROJECT_DIR)",
				);
				INFOPLIST_FILE = hackerway/Info.plist;
				LD_RUNPATH_SEARCH_PATHS = "$(inherited) @executable_path/Frameworks";
				PRODUCT_BUNDLE_IDENTIFIER = "th.co.meesoft.$(PRODUCT_NAME:rfc1034identifier)";
				PRODUCT_NAME = "$(TARGET_NAME)";
				SWIFT_OBJC_BRIDGING_HEADER = "/Users/pawarit.b/Workspace/IOS_Workspace/hackerway/hackerway-Bridding-Header.h";
			};
			name = Debug;
		};
		6BAF81151B94107B00096579 /* Release */ = {
			isa = XCBuildConfiguration;
			buildSettings = {
				ASSETCATALOG_COMPILER_APPICON_NAME = AppIcon;
				FRAMEWORK_SEARCH_PATHS = (
					"$(inherited)",
					"$(PROJECT_DIR)",
				);
				INFOPLIST_FILE = hackerway/Info.plist;
				LD_RUNPATH_SEARCH_PATHS = "$(inherited) @executable_path/Frameworks";
				PRODUCT_BUNDLE_IDENTIFIER = "th.co.meesoft.$(PRODUCT_NAME:rfc1034identifier)";
				PRODUCT_NAME = "$(TARGET_NAME)";
				SWIFT_OBJC_BRIDGING_HEADER = "/Users/pawarit.b/Workspace/IOS_Workspace/hackerway/hackerway-Bridding-Header.h";
			};
			name = Release;
		};
		6BAF81171B94107B00096579 /* Debug */ = {
			isa = XCBuildConfiguration;
			buildSettings = {
				BUNDLE_LOADER = "$(TEST_HOST)";
				FRAMEWORK_SEARCH_PATHS = (
					"$(SDKROOT)/Developer/Library/Frameworks",
					"$(inherited)",
				);
				GCC_PREPROCESSOR_DEFINITIONS = (
					"DEBUG=1",
					"$(inherited)",
				);
				INFOPLIST_FILE = hackerwayTests/Info.plist;
				LD_RUNPATH_SEARCH_PATHS = "$(inherited) @executable_path/Frameworks @loader_path/Frameworks";
				PRODUCT_BUNDLE_IDENTIFIER = "th.co.meesoft.$(PRODUCT_NAME:rfc1034identifier)";
				PRODUCT_NAME = "$(TARGET_NAME)";
				TEST_HOST = "$(BUILT_PRODUCTS_DIR)/hackerway.app/hackerway";
			};
			name = Debug;
		};
		6BAF81181B94107B00096579 /* Release */ = {
			isa = XCBuildConfiguration;
			buildSettings = {
				BUNDLE_LOADER = "$(TEST_HOST)";
				FRAMEWORK_SEARCH_PATHS = (
					"$(SDKROOT)/Developer/Library/Frameworks",
					"$(inherited)",
				);
				INFOPLIST_FILE = hackerwayTests/Info.plist;
				LD_RUNPATH_SEARCH_PATHS = "$(inherited) @executable_path/Frameworks @loader_path/Frameworks";
				PRODUCT_BUNDLE_IDENTIFIER = "th.co.meesoft.$(PRODUCT_NAME:rfc1034identifier)";
				PRODUCT_NAME = "$(TARGET_NAME)";
				TEST_HOST = "$(BUILT_PRODUCTS_DIR)/hackerway.app/hackerway";
			};
			name = Release;
		};
/* End XCBuildConfiguration section */

/* Begin XCConfigurationList section */
		6BAF80EF1B94107B00096579 /* Build configuration list for PBXProject "hackerway" */ = {
			isa = XCConfigurationList;
			buildConfigurations = (
				6BAF81111B94107B00096579 /* Debug */,
				6BAF81121B94107B00096579 /* Release */,
			);
			defaultConfigurationIsVisible = 0;
			defaultConfigurationName = Release;
		};
		6BAF81131B94107B00096579 /* Build configuration list for PBXNativeTarget "hackerway" */ = {
			isa = XCConfigurationList;
			buildConfigurations = (
				6BAF81141B94107B00096579 /* Debug */,
				6BAF81151B94107B00096579 /* Release */,
			);
			defaultConfigurationIsVisible = 0;
			defaultConfigurationName = Release;
		};
		6BAF81161B94107B00096579 /* Build configuration list for PBXNativeTarget "hackerwayTests" */ = {
			isa = XCConfigurationList;
			buildConfigurations = (
				6BAF81171B94107B00096579 /* Debug */,
				6BAF81181B94107B00096579 /* Release */,
			);
			defaultConfigurationIsVisible = 0;
			defaultConfigurationName = Release;
		};
/* End XCConfigurationList section */
	};
	rootObject = 6BAF80EC1B94107B00096579 /* Project object */;
}
